
Microsoft Visual Studio Solution File, Format Version 12.00
# Visual Studio Version 17
VisualStudioVersion = 17.2.32630.192
MinimumVisualStudioVersion = 10.0.40219.1
Project("{FAE04EC0-301F-11D3-BF4B-00C04F79EFBC}") = "Shortener", "Shortener\Shortener.csproj", "{B49D0A5A-1EF9-4058-B301-30CA09EC1D4B}"
EndProject
Global
	GlobalSection(SolutionConfigurationPlatforms) = preSolution
		Debug|Any CPU = Debug|Any CPU
		Release|Any CPU = Release|Any CPU
	EndGlobalSection
	GlobalSection(ProjectConfigurationPlatforms) = postSolution
		{B49D0A5A-1EF9-4058-B301-30CA09EC1D4B}.Debug|Any CPU.ActiveCfg = Debug|Any CPU
		{B49D0A5A-1EF9-4058-B301-30CA09EC1D4B}.Debug|Any CPU.Build.0 = Debug|Any CPU
		{B49D0A5A-1EF9-4058-B301-30CA09EC1D4B}.Release|Any CPU.ActiveCfg = Release|Any CPU
		{B49D0A5A-1EF9-4058-B301-30CA09EC1D4B}.Release|Any CPU.Build.0 = Release|Any CPU
	EndGlobalSection
	GlobalSection(SolutionProperties) = preSolution
		HideSolutionNode = FALSE
	EndGlobalSection
	GlobalSection(ExtensibilityGlobals) = postSolution
		SolutionGuid = {535728C6-65E5-4321-9A29-501F92DCBA47}
	EndGlobalSection
EndGlobal
